
Microsoft Visual Studio Solution File, Format Version 12.00
# Visual Studio Version 16
VisualStudioVersion = 16.0.29613.14
MinimumVisualStudioVersion = 10.0.40219.1
Project("{FAE04EC0-301F-11D3-BF4B-00C04F79EFBC}") = "Calculator App", "Calculator App\Calculator App.csproj", "{C402C92E-5B1E-4FC5-889F-92FE2D60AA58}"
EndProject
Project("{FAE04EC0-301F-11D3-BF4B-00C04F79EFBC}") = "Infix to PostFix", "Infix to PostFix\Infix to PostFix.csproj", "{5C0E0884-8FEC-428E-9DAA-3788BDDCA6FD}"
EndProject
Global
	GlobalSection(SolutionConfigurationPlatforms) = preSolution
		Debug|Any CPU = Debug|Any CPU
		Release|Any CPU = Release|Any CPU
	EndGlobalSection
	GlobalSection(ProjectConfigurationPlatforms) = postSolution
		{C402C92E-5B1E-4FC5-889F-92FE2D60AA58}.Debug|Any CPU.ActiveCfg = Debug|Any CPU
		{C402C92E-5B1E-4FC5-889F-92FE2D60AA58}.Debug|Any CPU.Build.0 = Debug|Any CPU
		{C402C92E-5B1E-4FC5-889F-92FE2D60AA58}.Release|Any CPU.ActiveCfg = Release|Any CPU
		{C402C92E-5B1E-4FC5-889F-92FE2D60AA58}.Release|Any CPU.Build.0 = Release|Any CPU
		{5C0E0884-8FEC-428E-9DAA-3788BDDCA6FD}.Debug|Any CPU.ActiveCfg = Debug|Any CPU
		{5C0E0884-8FEC-428E-9DAA-3788BDDCA6FD}.Debug|Any CPU.Build.0 = Debug|Any CPU
		{5C0E0884-8FEC-428E-9DAA-3788BDDCA6FD}.Release|Any CPU.ActiveCfg = Release|Any CPU
		{5C0E0884-8FEC-428E-9DAA-3788BDDCA6FD}.Release|Any CPU.Build.0 = Release|Any CPU
	EndGlobalSection
	GlobalSection(SolutionProperties) = preSolution
		HideSolutionNode = FALSE
	EndGlobalSection
	GlobalSection(ExtensibilityGlobals) = postSolution
		SolutionGuid = {657EBB05-E7FB-4A08-8E45-D738BF760932}
	EndGlobalSection
EndGlobal
